
Microsoft Visual Studio Solution File, Format Version 12.00
# Visual Studio Version 17
VisualStudioVersion = 17.10.35013.160
MinimumVisualStudioVersion = 10.0.40219.1
Project("{9A19103F-16F7-4668-BE54-9A1E7A4F7556}") = "TestServer", "TestServer.csproj", "{08965440-62AC-439C-AC26-2B0278FFF125}"
EndProject
Project("{FAE04EC0-301F-11D3-BF4B-00C04F79EFBC}") = "TestServerTests", "..\TestServerTests\TestServerTests.csproj", "{2A121BDE-616E-4414-9ECE-5E6ADD3A4589}"
EndProject
Global
	GlobalSection(SolutionConfigurationPlatforms) = preSolution
		Debug|Any CPU = Debug|Any CPU
		Release|Any CPU = Release|Any CPU
	EndGlobalSection
	GlobalSection(ProjectConfigurationPlatforms) = postSolution
		{08965440-62AC-439C-AC26-2B0278FFF125}.Debug|Any CPU.ActiveCfg = Debug|Any CPU
		{08965440-62AC-439C-AC26-2B0278FFF125}.Debug|Any CPU.Build.0 = Debug|Any CPU
		{08965440-62AC-439C-AC26-2B0278FFF125}.Release|Any CPU.ActiveCfg = Release|Any CPU
		{08965440-62AC-439C-AC26-2B0278FFF125}.Release|Any CPU.Build.0 = Release|Any CPU
		{2A121BDE-616E-4414-9ECE-5E6ADD3A4589}.Debug|Any CPU.ActiveCfg = Debug|Any CPU
		{2A121BDE-616E-4414-9ECE-5E6ADD3A4589}.Debug|Any CPU.Build.0 = Debug|Any CPU
		{2A121BDE-616E-4414-9ECE-5E6ADD3A4589}.Release|Any CPU.ActiveCfg = Release|Any CPU
		{2A121BDE-616E-4414-9ECE-5E6ADD3A4589}.Release|Any CPU.Build.0 = Release|Any CPU
	EndGlobalSection
	GlobalSection(SolutionProperties) = preSolution
		HideSolutionNode = FALSE
	EndGlobalSection
	GlobalSection(ExtensibilityGlobals) = postSolution
		SolutionGuid = {A9C1CE65-3864-4603-A45A-38C56A7611B4}
	EndGlobalSection
EndGlobal
